# THIS IS AN AUTOGENERATED FILE. DO NOT EDIT THIS FILE DIRECTLY.
# yarn lockfile v1


is-extglob@^1.0.0:
  version "1.0.0"
  resolved "https://registry.yarnpkg.com/is-extglob/-/is-extglob-1.0.0.tgz#ac468177c4943405a092fc8f29760c6ffc6206c0"
  integrity sha1-rEaBd8SUNAWgkvyPKXYMb/xiBsA=

is-glob@^2.0.0:
  version "2.0.1"
  resolved "https://registry.yarnpkg.com/is-glob/-/is-glob-2.0.1.tgz#d096f926a3ded5600f3fdfd91198cb0888c2d863"
  integrity sha1-0Jb5JqPe1WAPP9/ZEZjLCIjC2GM=
  dependencies:
    is-extglob "^1.0.0"

is-invalid-path@^0.1.0:
  version "0.1.0"
  resolved "https://registry.yarnpkg.com/is-invalid-path/-/is-invalid-path-0.1.0.tgz#307a855b3cf1a938b44ea70d2c61106053714f34"
  integrity sha1-MHqFWzzxqTi0TqcNLGEQYFNxTzQ=
  dependencies:
    is-glob "^2.0.0"

is-valid-path@^0.1.1:
  version "0.1.1"
  resolved "https://registry.yarnpkg.com/is-valid-path/-/is-valid-path-0.1.1.tgz#110f9ff74c37f663e1ec7915eb451f2db93ac9df"
  integrity sha1-EQ+f90w39mPh7HkV60UfLbk6yd8=
  dependencies:
    is-invalid-path "^0.1.0"
